
Microsoft Visual Studio Solution File, Format Version 12.00
# Visual Studio 2012
Project("{FAE04EC0-301F-11D3-BF4B-00C04F79EFBC}") = "DatabaseProj", "DatabaseProj\DatabaseProj.csproj", "{EB39F678-9AAD-4F80-9483-A5FFE59CD89D}"
EndProject
Project("{FAE04EC0-301F-11D3-BF4B-00C04F79EFBC}") = "Infrastructure", "Infrastructure\Infrastructure.csproj", "{0C8963E3-546F-4E5C-BE50-4CE85C50527C}"
EndProject
Project("{FAE04EC0-301F-11D3-BF4B-00C04F79EFBC}") = "DbProjUnitTests", "DbProjUnitTests\DbProjUnitTests.csproj", "{3AB027B9-12E5-43EB-BCCF-1A0918BB90EB}"
EndProject
Global
	GlobalSection(SolutionConfigurationPlatforms) = preSolution
		Debug|Any CPU = Debug|Any CPU
		Release|Any CPU = Release|Any CPU
	EndGlobalSection
	GlobalSection(ProjectConfigurationPlatforms) = postSolution
		{EB39F678-9AAD-4F80-9483-A5FFE59CD89D}.Debug|Any CPU.ActiveCfg = Debug|Any CPU
		{EB39F678-9AAD-4F80-9483-A5FFE59CD89D}.Debug|Any CPU.Build.0 = Debug|Any CPU
		{EB39F678-9AAD-4F80-9483-A5FFE59CD89D}.Release|Any CPU.ActiveCfg = Release|Any CPU
		{EB39F678-9AAD-4F80-9483-A5FFE59CD89D}.Release|Any CPU.Build.0 = Release|Any CPU
		{0C8963E3-546F-4E5C-BE50-4CE85C50527C}.Debug|Any CPU.ActiveCfg = Debug|Any CPU
		{0C8963E3-546F-4E5C-BE50-4CE85C50527C}.Debug|Any CPU.Build.0 = Debug|Any CPU
		{0C8963E3-546F-4E5C-BE50-4CE85C50527C}.Release|Any CPU.ActiveCfg = Release|Any CPU
		{0C8963E3-546F-4E5C-BE50-4CE85C50527C}.Release|Any CPU.Build.0 = Release|Any CPU
		{3AB027B9-12E5-43EB-BCCF-1A0918BB90EB}.Debug|Any CPU.ActiveCfg = Debug|Any CPU
		{3AB027B9-12E5-43EB-BCCF-1A0918BB90EB}.Debug|Any CPU.Build.0 = Debug|Any CPU
		{3AB027B9-12E5-43EB-BCCF-1A0918BB90EB}.Release|Any CPU.ActiveCfg = Release|Any CPU
		{3AB027B9-12E5-43EB-BCCF-1A0918BB90EB}.Release|Any CPU.Build.0 = Release|Any CPU
	EndGlobalSection
	GlobalSection(SolutionProperties) = preSolution
		HideSolutionNode = FALSE
	EndGlobalSection
EndGlobal
